
Microsoft Visual Studio Solution File, Format Version 12.00
# Visual Studio Version 17
VisualStudioVersion = 17.6.33815.320
MinimumVisualStudioVersion = 10.0.40219.1
Project("{FAE04EC0-301F-11D3-BF4B-00C04F79EFBC}") = "Training.FileExplorer.Api", "Training.FileExlorer.Api\Training.FileExplorer.Api.csproj", "{0454C2D0-C112-42B6-A5C0-76CCB17FEE76}"
EndProject
Project("{FAE04EC0-301F-11D3-BF4B-00C04F79EFBC}") = "Training.FileExplorer.Application", "Training.FileExlorer.Application\Training.FileExplorer.Application.csproj", "{D93A7067-92AB-4503-B0F8-6D70FB8E0E00}"
EndProject
Project("{FAE04EC0-301F-11D3-BF4B-00C04F79EFBC}") = "Training.FileExplorer.Infrastructure", "Training.FileExplorer.Infrastructure\Training.FileExplorer.Infrastructure.csproj", "{5D6C2670-FD10-4ADB-BBD1-5ADB8FE14EAC}"
EndProject
Global
	GlobalSection(SolutionConfigurationPlatforms) = preSolution
		Debug|Any CPU = Debug|Any CPU
		Release|Any CPU = Release|Any CPU
	EndGlobalSection
	GlobalSection(ProjectConfigurationPlatforms) = postSolution
		{0454C2D0-C112-42B6-A5C0-76CCB17FEE76}.Debug|Any CPU.ActiveCfg = Debug|Any CPU
		{0454C2D0-C112-42B6-A5C0-76CCB17FEE76}.Debug|Any CPU.Build.0 = Debug|Any CPU
		{0454C2D0-C112-42B6-A5C0-76CCB17FEE76}.Release|Any CPU.ActiveCfg = Release|Any CPU
		{0454C2D0-C112-42B6-A5C0-76CCB17FEE76}.Release|Any CPU.Build.0 = Release|Any CPU
		{D93A7067-92AB-4503-B0F8-6D70FB8E0E00}.Debug|Any CPU.ActiveCfg = Debug|Any CPU
		{D93A7067-92AB-4503-B0F8-6D70FB8E0E00}.Debug|Any CPU.Build.0 = Debug|Any CPU
		{D93A7067-92AB-4503-B0F8-6D70FB8E0E00}.Release|Any CPU.ActiveCfg = Release|Any CPU
		{D93A7067-92AB-4503-B0F8-6D70FB8E0E00}.Release|Any CPU.Build.0 = Release|Any CPU
		{5D6C2670-FD10-4ADB-BBD1-5ADB8FE14EAC}.Debug|Any CPU.ActiveCfg = Debug|Any CPU
		{5D6C2670-FD10-4ADB-BBD1-5ADB8FE14EAC}.Debug|Any CPU.Build.0 = Debug|Any CPU
		{5D6C2670-FD10-4ADB-BBD1-5ADB8FE14EAC}.Release|Any CPU.ActiveCfg = Release|Any CPU
		{5D6C2670-FD10-4ADB-BBD1-5ADB8FE14EAC}.Release|Any CPU.Build.0 = Release|Any CPU
	EndGlobalSection
	GlobalSection(SolutionProperties) = preSolution
		HideSolutionNode = FALSE
	EndGlobalSection
	GlobalSection(ExtensibilityGlobals) = postSolution
		SolutionGuid = {E2EE7860-A5BD-48B6-A968-A567551DB6EE}
	EndGlobalSection
EndGlobal
